
Microsoft Visual Studio Solution File, Format Version 12.00
# Visual Studio 15
VisualStudioVersion = 15.0.27703.2018
MinimumVisualStudioVersion = 10.0.40219.1
Project("{9A19103F-16F7-4668-BE54-9A1E7A4F7556}") = "KdBird", "KdBird\KdBird.csproj", "{D9F69C76-3740-4421-8E69-F4438571D60D}"
EndProject
Global
	GlobalSection(SolutionConfigurationPlatforms) = preSolution
		Debug|Any CPU = Debug|Any CPU
		Release|Any CPU = Release|Any CPU
	EndGlobalSection
	GlobalSection(ProjectConfigurationPlatforms) = postSolution
		{D9F69C76-3740-4421-8E69-F4438571D60D}.Debug|Any CPU.ActiveCfg = Debug|Any CPU
		{D9F69C76-3740-4421-8E69-F4438571D60D}.Debug|Any CPU.Build.0 = Debug|Any CPU
		{D9F69C76-3740-4421-8E69-F4438571D60D}.Release|Any CPU.ActiveCfg = Release|Any CPU
		{D9F69C76-3740-4421-8E69-F4438571D60D}.Release|Any CPU.Build.0 = Release|Any CPU
	EndGlobalSection
	GlobalSection(SolutionProperties) = preSolution
		HideSolutionNode = FALSE
	EndGlobalSection
	GlobalSection(ExtensibilityGlobals) = postSolution
		SolutionGuid = {D7F438C2-6F6F-4956-9116-1FECA1FF780B}
	EndGlobalSection
EndGlobal
